
Microsoft Visual Studio Solution File, Format Version 12.00
# Visual Studio 15
VisualStudioVersion = 15.0.28307.1145
MinimumVisualStudioVersion = 10.0.40219.1
Project("{FAE04EC0-301F-11D3-BF4B-00C04F79EFBC}") = "Freestyle", "Freestyle\Freestyle.csproj", "{5CB6B2A3-3EA6-468E-A29B-467FE54EC189}"
EndProject
Project("{FAE04EC0-301F-11D3-BF4B-00C04F79EFBC}") = "DataLibrary", "DataLibrary\DataLibrary.csproj", "{FC4CF931-0E37-4A87-B949-6DECB06CC336}"
EndProject
Project("{00D1A9C2-B5F0-4AF3-8072-F6C62B433612}") = "DB", "DB\DB.sqlproj", "{CF5796A9-01D0-4BBD-94E5-2E19C28A1473}"
EndProject
Global
	GlobalSection(SolutionConfigurationPlatforms) = preSolution
		Debug|Any CPU = Debug|Any CPU
		Release|Any CPU = Release|Any CPU
	EndGlobalSection
	GlobalSection(ProjectConfigurationPlatforms) = postSolution
		{5CB6B2A3-3EA6-468E-A29B-467FE54EC189}.Debug|Any CPU.ActiveCfg = Debug|Any CPU
		{5CB6B2A3-3EA6-468E-A29B-467FE54EC189}.Debug|Any CPU.Build.0 = Debug|Any CPU
		{5CB6B2A3-3EA6-468E-A29B-467FE54EC189}.Release|Any CPU.ActiveCfg = Release|Any CPU
		{5CB6B2A3-3EA6-468E-A29B-467FE54EC189}.Release|Any CPU.Build.0 = Release|Any CPU
		{FC4CF931-0E37-4A87-B949-6DECB06CC336}.Debug|Any CPU.ActiveCfg = Debug|Any CPU
		{FC4CF931-0E37-4A87-B949-6DECB06CC336}.Debug|Any CPU.Build.0 = Debug|Any CPU
		{FC4CF931-0E37-4A87-B949-6DECB06CC336}.Release|Any CPU.ActiveCfg = Release|Any CPU
		{FC4CF931-0E37-4A87-B949-6DECB06CC336}.Release|Any CPU.Build.0 = Release|Any CPU
		{CF5796A9-01D0-4BBD-94E5-2E19C28A1473}.Debug|Any CPU.ActiveCfg = Debug|Any CPU
		{CF5796A9-01D0-4BBD-94E5-2E19C28A1473}.Debug|Any CPU.Build.0 = Debug|Any CPU
		{CF5796A9-01D0-4BBD-94E5-2E19C28A1473}.Debug|Any CPU.Deploy.0 = Debug|Any CPU
		{CF5796A9-01D0-4BBD-94E5-2E19C28A1473}.Release|Any CPU.ActiveCfg = Release|Any CPU
		{CF5796A9-01D0-4BBD-94E5-2E19C28A1473}.Release|Any CPU.Build.0 = Release|Any CPU
		{CF5796A9-01D0-4BBD-94E5-2E19C28A1473}.Release|Any CPU.Deploy.0 = Release|Any CPU
	EndGlobalSection
	GlobalSection(SolutionProperties) = preSolution
		HideSolutionNode = FALSE
	EndGlobalSection
	GlobalSection(ExtensibilityGlobals) = postSolution
		SolutionGuid = {BDF4368D-3E52-4519-95E4-FF513F493BBD}
	EndGlobalSection
EndGlobal
